
Microsoft Visual Studio Solution File, Format Version 12.00
# Visual Studio 15
VisualStudioVersion = 15.0.27703.2000
MinimumVisualStudioVersion = 10.0.40219.1
Project("{888888A0-9F3D-457C-B088-3A5042F75D52}") = "Quotes", "Quotes.pyproj", "{3CDE275C-519C-49D6-B0D0-56FA4C0E5091}"
EndProject
Global
	GlobalSection(SolutionConfigurationPlatforms) = preSolution
		Debug|Any CPU = Debug|Any CPU
		Release|Any CPU = Release|Any CPU
	EndGlobalSection
	GlobalSection(ProjectConfigurationPlatforms) = postSolution
		{3CDE275C-519C-49D6-B0D0-56FA4C0E5091}.Debug|Any CPU.ActiveCfg = Debug|Any CPU
		{3CDE275C-519C-49D6-B0D0-56FA4C0E5091}.Release|Any CPU.ActiveCfg = Release|Any CPU
	EndGlobalSection
	GlobalSection(SolutionProperties) = preSolution
		HideSolutionNode = FALSE
	EndGlobalSection
	GlobalSection(ExtensibilityGlobals) = postSolution
		SolutionGuid = {89477086-7321-42BA-893E-4864260ABE31}
	EndGlobalSection
EndGlobal
